// !$*UTF8*$!
{
	archiveVersion = 1;
	classes = {
	};
	objectVersion = 46;
	objects = {

/* Begin PBXBuildFile section */
		335DBE2A1E455FB00043CB74 /* main.m in Sources */ = {isa = PBXBuildFile; fileRef = 335DBE291E455FB00043CB74 /* main.m */; };
		335DBE2D1E455FB00043CB74 /* AppDelegate.m in Sources */ = {isa = PBXBuildFile; fileRef = 335DBE2C1E455FB00043CB74 /* AppDelegate.m */; };
		335DBE331E455FB00043CB74 /* Main.storyboard in Resources */ = {isa = PBXBuildFile; fileRef = 335DBE311E455FB00043CB74 /* Main.storyboard */; };
		335DBE351E455FB00043CB74 /* Assets.xcassets in Resources */ = {isa = PBXBuildFile; fileRef = 335DBE341E455FB00043CB74 /* Assets.xcassets */; };
		335DBE381E455FB00043CB74 /* LaunchScreen.storyboard in Resources */ = {isa = PBXBuildFile; fileRef = 335DBE361E455FB00043CB74 /* LaunchScreen.storyboard */; };
		335DBE491E4565070043CB74 /* CAShapeLayerViewController.m in Sources */ = {isa = PBXBuildFile; fileRef = 335DBE481E4565070043CB74 /* CAShapeLayerViewController.m */; };
		335DBE4C1E4566A70043CB74 /* UIKitShapeLayerController.m in Sources */ = {isa = PBXBuildFile; fileRef = 335DBE4B1E4566A70043CB74 /* UIKitShapeLayerController.m */; };
		335DBE4F1E4567520043CB74 /* ShapeLayerView.m in Sources */ = {isa = PBXBuildFile; fileRef = 335DBE4E1E4567520043CB74 /* ShapeLayerView.m */; };
		335DBE521E4572FB0043CB74 /* CATextLayerController.m in Sources */ = {isa = PBXBuildFile; fileRef = 335DBE511E4572FB0043CB74 /* CATextLayerController.m */; };
		335DBE551E45730B0043CB74 /* LabelController.m in Sources */ = {isa = PBXBuildFile; fileRef = 335DBE541E45730B0043CB74 /* LabelController.m */; };
		335DBE581E4589A80043CB74 /* CATransformLayerController.m in Sources */ = {isa = PBXBuildFile; fileRef = 335DBE571E4589A80043CB74 /* CATransformLayerController.m */; };
/* End PBXBuildFile section */

/* Begin PBXFileReference section */
		335DBE251E455FB00043CB74 /* 06-专用图层（上）.app */ = {isa = PBXFileReference; explicitFileType = wrapper.application; includeInIndex = 0; path = "06-专用图层（上）.app"; sourceTree = BUILT_PRODUCTS_DIR; };
		335DBE291E455FB00043CB74 /* main.m */ = {isa = PBXFileReference; lastKnownFileType = sourcecode.c.objc; path = main.m; sourceTree = "<group>"; };
		335DBE2B1E455FB00043CB74 /* AppDelegate.h */ = {isa = PBXFileReference; lastKnownFileType = sourcecode.c.h; path = AppDelegate.h; sourceTree = "<group>"; };
		335DBE2C1E455FB00043CB74 /* AppDelegate.m */ = {isa = PBXFileReference; lastKnownFileType = sourcecode.c.objc; path = AppDelegate.m; sourceTree = "<group>"; };
		335DBE321E455FB00043CB74 /* Base */ = {isa = PBXFileReference; lastKnownFileType = file.storyboard; name = Base; path = Base.lproj/Main.storyboard; sourceTree = "<group>"; };
		335DBE341E455FB00043CB74 /* Assets.xcassets */ = {isa = PBXFileReference; lastKnownFileType = folder.assetcatalog; path = Assets.xcassets; sourceTree = "<group>"; };
		335DBE371E455FB00043CB74 /* Base */ = {isa = PBXFileReference; lastKnownFileType = file.storyboard; name = Base; path = Base.lproj/LaunchScreen.storyboard; sourceTree = "<group>"; };
		335DBE391E455FB00043CB74 /* Info.plist */ = {isa = PBXFileReference; lastKnownFileType = text.plist.xml; path = Info.plist; sourceTree = "<group>"; };
		335DBE471E4565070043CB74 /* CAShapeLayerViewController.h */ = {isa = PBXFileReference; fileEncoding = 4; lastKnownFileType = sourcecode.c.h; path = CAShapeLayerViewController.h; sourceTree = "<group>"; };
		335DBE481E4565070043CB74 /* CAShapeLayerViewController.m */ = {isa = PBXFileReference; fileEncoding = 4; lastKnownFileType = sourcecode.c.objc; path = CAShapeLayerViewController.m; sourceTree = "<group>"; };
		335DBE4A1E4566A70043CB74 /* UIKitShapeLayerController.h */ = {isa = PBXFileReference; fileEncoding = 4; lastKnownFileType = sourcecode.c.h; path = UIKitShapeLayerController.h; sourceTree = "<group>"; };
		335DBE4B1E4566A70043CB74 /* UIKitShapeLayerController.m */ = {isa = PBXFileReference; fileEncoding = 4; lastKnownFileType = sourcecode.c.objc; path = UIKitShapeLayerController.m; sourceTree = "<group>"; };
		335DBE4D1E4567520043CB74 /* ShapeLayerView.h */ = {isa = PBXFileReference; fileEncoding = 4; lastKnownFileType = sourcecode.c.h; path = ShapeLayerView.h; sourceTree = "<group>"; };
		335DBE4E1E4567520043CB74 /* ShapeLayerView.m */ = {isa = PBXFileReference; fileEncoding = 4; lastKnownFileType = sourcecode.c.objc; path = ShapeLayerView.m; sourceTree = "<group>"; };
		335DBE501E4572FB0043CB74 /* CATextLayerController.h */ = {isa = PBXFileReference; fileEncoding = 4; lastKnownFileType = sourcecode.c.h; path = CATextLayerController.h; sourceTree = "<group>"; };
		335DBE511E4572FB0043CB74 /* CATextLayerController.m */ = {isa = PBXFileReference; fileEncoding = 4; lastKnownFileType = sourcecode.c.objc; path = CATextLayerController.m; sourceTree = "<group>"; };
		335DBE531E45730B0043CB74 /* LabelController.h */ = {isa = PBXFileReference; fileEncoding = 4; lastKnownFileType = sourcecode.c.h; path = LabelController.h; sourceTree = "<group>"; };
		335DBE541E45730B0043CB74 /* LabelController.m */ = {isa = PBXFileReference; fileEncoding = 4; lastKnownFileType = sourcecode.c.objc; path = LabelController.m; sourceTree = "<group>"; };
		335DBE561E4589A80043CB74 /* CATransformLayerController.h */ = {isa = PBXFileReference; fileEncoding = 4; lastKnownFileType = sourcecode.c.h; path = CATransformLayerController.h; sourceTree = "<group>"; };
		335DBE571E4589A80043CB74 /* CATransformLayerController.m */ = {isa = PBXFileReference; fileEncoding = 4; lastKnownFileType = sourcecode.c.objc; path = CATransformLayerController.m; sourceTree = "<group>"; };
/* End PBXFileReference section */

/* Begin PBXFrameworksBuildPhase section */
		335DBE221E455FB00043CB74 /* Frameworks */ = {
			isa = PBXFrameworksBuildPhase;
			buildActionMask = 2147483647;
			files = (
			);
			runOnlyForDeploymentPostprocessing = 0;
		};
/* End PBXFrameworksBuildPhase section */

/* Begin PBXGroup section */
		335DBE1C1E455FB00043CB74 = {
			isa = PBXGroup;
			children = (
				335DBE271E455FB00043CB74 /* 06-专用图层（上） */,
				335DBE261E455FB00043CB74 /* Products */,
			);
			sourceTree = "<group>";
		};
		335DBE261E455FB00043CB74 /* Products */ = {
			isa = PBXGroup;
			children = (
				335DBE251E455FB00043CB74 /* 06-专用图层（上）.app */,
			);
			name = Products;
			sourceTree = "<group>";
		};
		335DBE271E455FB00043CB74 /* 06-专用图层（上） */ = {
			isa = PBXGroup;
			children = (
				335DBE461E4564EE0043CB74 /* UIKit */,
				335DBE451E4564E70043CB74 /* CoreAnimation */,
				335DBE2B1E455FB00043CB74 /* AppDelegate.h */,
				335DBE2C1E455FB00043CB74 /* AppDelegate.m */,
				335DBE311E455FB00043CB74 /* Main.storyboard */,
				335DBE341E455FB00043CB74 /* Assets.xcassets */,
				335DBE361E455FB00043CB74 /* LaunchScreen.storyboard */,
				335DBE391E455FB00043CB74 /* Info.plist */,
				335DBE281E455FB00043CB74 /* Supporting Files */,
			);
			path = "06-专用图层（上）";
			sourceTree = "<group>";
		};
		335DBE281E455FB00043CB74 /* Supporting Files */ = {
			isa = PBXGroup;
			children = (
				335DBE291E455FB00043CB74 /* main.m */,
			);
			name = "Supporting Files";
			sourceTree = "<group>";
		};
		335DBE451E4564E70043CB74 /* CoreAnimation */ = {
			isa = PBXGroup;
			children = (
				335DBE471E4565070043CB74 /* CAShapeLayerViewController.h */,
				335DBE481E4565070043CB74 /* CAShapeLayerViewController.m */,
				335DBE501E4572FB0043CB74 /* CATextLayerController.h */,
				335DBE511E4572FB0043CB74 /* CATextLayerController.m */,
				335DBE561E4589A80043CB74 /* CATransformLayerController.h */,
				335DBE571E4589A80043CB74 /* CATransformLayerController.m */,
			);
			name = CoreAnimation;
			sourceTree = "<group>";
		};
		335DBE461E4564EE0043CB74 /* UIKit */ = {
			isa = PBXGroup;
			children = (
				335DBE4A1E4566A70043CB74 /* UIKitShapeLayerController.h */,
				335DBE4B1E4566A70043CB74 /* UIKitShapeLayerController.m */,
				335DBE4D1E4567520043CB74 /* ShapeLayerView.h */,
				335DBE4E1E4567520043CB74 /* ShapeLayerView.m */,
				335DBE531E45730B0043CB74 /* LabelController.h */,
				335DBE541E45730B0043CB74 /* LabelController.m */,
			);
			name = UIKit;
			sourceTree = "<group>";
		};
/* End PBXGroup section */

/* Begin PBXNativeTarget section */
		335DBE241E455FB00043CB74 /* 06-专用图层（上） */ = {
			isa = PBXNativeTarget;
			buildConfigurationList = 335DBE3C1E455FB00043CB74 /* Build configuration list for PBXNativeTarget "06-专用图层（上）" */;
			buildPhases = (
				335DBE211E455FB00043CB74 /* Sources */,
				335DBE221E455FB00043CB74 /* Frameworks */,
				335DBE231E455FB00043CB74 /* Resources */,
			);
			buildRules = (
			);
			dependencies = (
			);
			name = "06-专用图层（上）";
			productName = "06-专用图层（上）";
			productReference = 335DBE251E455FB00043CB74 /* 06-专用图层（上）.app */;
			productType = "com.apple.product-type.application";
		};
/* End PBXNativeTarget section */

/* Begin PBXProject section */
		335DBE1D1E455FB00043CB74 /* Project object */ = {
			isa = PBXProject;
			attributes = {
				LastUpgradeCheck = 0820;
				ORGANIZATIONNAME = SunYang;
				TargetAttributes = {
					335DBE241E455FB00043CB74 = {
						CreatedOnToolsVersion = 8.2.1;
						ProvisioningStyle = Automatic;
					};
				};
			};
			buildConfigurationList = 335DBE201E455FB00043CB74 /* Build configuration list for PBXProject "06-专用图层（上）" */;
			compatibilityVersion = "Xcode 3.2";
			developmentRegion = English;
			hasScannedForEncodings = 0;
			knownRegions = (
				en,
				Base,
			);
			mainGroup = 335DBE1C1E455FB00043CB74;
			productRefGroup = 335DBE261E455FB00043CB74 /* Products */;
			projectDirPath = "";
			projectRoot = "";
			targets = (
				335DBE241E455FB00043CB74 /* 06-专用图层（上） */,
			);
		};
/* End PBXProject section */

/* Begin PBXResourcesBuildPhase section */
		335DBE231E455FB00043CB74 /* Resources */ = {
			isa = PBXResourcesBuildPhase;
			buildActionMask = 2147483647;
			files = (
				335DBE381E455FB00043CB74 /* LaunchScreen.storyboard in Resources */,
				335DBE351E455FB00043CB74 /* Assets.xcassets in Resources */,
				335DBE331E455FB00043CB74 /* Main.storyboard in Resources */,
			);
			runOnlyForDeploymentPostprocessing = 0;
		};
/* End PBXResourcesBuildPhase section */

/* Begin PBXSourcesBuildPhase section */
		335DBE211E455FB00043CB74 /* Sources */ = {
			isa = PBXSourcesBuildPhase;
			buildActionMask = 2147483647;
			files = (
				335DBE581E4589A80043CB74 /* CATransformLayerController.m in Sources */,
				335DBE521E4572FB0043CB74 /* CATextLayerController.m in Sources */,
				335DBE4C1E4566A70043CB74 /* UIKitShapeLayerController.m in Sources */,
				335DBE551E45730B0043CB74 /* LabelController.m in Sources */,
				335DBE491E4565070043CB74 /* CAShapeLayerViewController.m in Sources */,
				335DBE2D1E455FB00043CB74 /* AppDelegate.m in Sources */,
				335DBE4F1E4567520043CB74 /* ShapeLayerView.m in Sources */,
				335DBE2A1E455FB00043CB74 /* main.m in Sources */,
			);
			runOnlyForDeploymentPostprocessing = 0;
		};
/* End PBXSourcesBuildPhase section */

/* Begin PBXVariantGroup section */
		335DBE311E455FB00043CB74 /* Main.storyboard */ = {
			isa = PBXVariantGroup;
			children = (
				335DBE321E455FB00043CB74 /* Base */,
			);
			name = Main.storyboard;
			sourceTree = "<group>";
		};
		335DBE361E455FB00043CB74 /* LaunchScreen.storyboard */ = {
			isa = PBXVariantGroup;
			children = (
				335DBE371E455FB00043CB74 /* Base */,
			);
			name = LaunchScreen.storyboard;
			sourceTree = "<group>";
		};
/* End PBXVariantGroup section */

/* Begin XCBuildConfiguration section */
		335DBE3A1E455FB00043CB74 /* Debug */ = {
			isa = XCBuildConfiguration;
			buildSettings = {
				ALWAYS_SEARCH_USER_PATHS = NO;
				CLANG_ANALYZER_NONNULL = YES;
				CLANG_CXX_LANGUAGE_STANDARD = "gnu++0x";
				CLANG_CXX_LIBRARY = "libc++";
				CLANG_ENABLE_MODULES = YES;
				CLANG_ENABLE_OBJC_ARC = YES;
				CLANG_WARN_BOOL_CONVERSION = YES;
				CLANG_WARN_CONSTANT_CONVERSION = YES;
				CLANG_WARN_DIRECT_OBJC_ISA_USAGE = YES_ERROR;
				CLANG_WARN_DOCUMENTATION_COMMENTS = YES;
				CLANG_WARN_EMPTY_BODY = YES;
				CLANG_WARN_ENUM_CONVERSION = YES;
				CLANG_WARN_INFINITE_RECURSION = YES;
				CLANG_WARN_INT_CONVERSION = YES;
				CLANG_WARN_OBJC_ROOT_CLASS = YES_ERROR;
				CLANG_WARN_SUSPICIOUS_MOVE = YES;
				CLANG_WARN_UNREACHABLE_CODE = YES;
				CLANG_WARN__DUPLICATE_METHOD_MATCH = YES;
				"CODE_SIGN_IDENTITY[sdk=iphoneos*]" = "iPhone Developer";
				COPY_PHASE_STRIP = NO;
				DEBUG_INFORMATION_FORMAT = dwarf;
				ENABLE_STRICT_OBJC_MSGSEND = YES;
				ENABLE_TESTABILITY = YES;
				GCC_C_LANGUAGE_STANDARD = gnu99;
				GCC_DYNAMIC_NO_PIC = NO;
				GCC_NO_COMMON_BLOCKS = YES;
				GCC_OPTIMIZATION_LEVEL = 0;
				GCC_PREPROCESSOR_DEFINITIONS = (
					"DEBUG=1",
					"$(inherited)",
				);
				GCC_WARN_64_TO_32_BIT_CONVERSION = YES;
				GCC_WARN_ABOUT_RETURN_TYPE = YES_ERROR;
				GCC_WARN_UNDECLARED_SELECTOR = YES;
				GCC_WARN_UNINITIALIZED_AUTOS = YES_AGGRESSIVE;
				GCC_WARN_UNUSED_FUNCTION = YES;
				GCC_WARN_UNUSED_VARIABLE = YES;
				IPHONEOS_DEPLOYMENT_TARGET = 10.2;
				MTL_ENABLE_DEBUG_INFO = YES;
				ONLY_ACTIVE_ARCH = YES;
				SDKROOT = iphoneos;
			};
			name = Debug;
		};
		335DBE3B1E455FB00043CB74 /* Release */ = {
			isa = XCBuildConfiguration;
			buildSettings = {
				ALWAYS_SEARCH_USER_PATHS = NO;
				CLANG_ANALYZER_NONNULL = YES;
				CLANG_CXX_LANGUAGE_STANDARD = "gnu++0x";
				CLANG_CXX_LIBRARY = "libc++";
				CLANG_ENABLE_MODULES = YES;
				CLANG_ENABLE_OBJC_ARC = YES;
				CLANG_WARN_BOOL_CONVERSION = YES;
				CLANG_WARN_CONSTANT_CONVERSION = YES;
				CLANG_WARN_DIRECT_OBJC_ISA_USAGE = YES_ERROR;
				CLANG_WARN_DOCUMENTATION_COMMENTS = YES;
				CLANG_WARN_EMPTY_BODY = YES;
				CLANG_WARN_ENUM_CONVERSION = YES;
				CLANG_WARN_INFINITE_RECURSION = YES;
				CLANG_WARN_INT_CONVERSION = YES;
				CLANG_WARN_OBJC_ROOT_CLASS = YES_ERROR;
				CLANG_WARN_SUSPICIOUS_MOVE = YES;
				CLANG_WARN_UNREACHABLE_CODE = YES;
				CLANG_WARN__DUPLICATE_METHOD_MATCH = YES;
				"CODE_SIGN_IDENTITY[sdk=iphoneos*]" = "iPhone Developer";
				COPY_PHASE_STRIP = NO;
				DEBUG_INFORMATION_FORMAT = "dwarf-with-dsym";
				ENABLE_NS_ASSERTIONS = NO;
				ENABLE_STRICT_OBJC_MSGSEND = YES;
				GCC_C_LANGUAGE_STANDARD = gnu99;
				GCC_NO_COMMON_BLOCKS = YES;
				GCC_WARN_64_TO_32_BIT_CONVERSION = YES;
				GCC_WARN_ABOUT_RETURN_TYPE = YES_ERROR;
				GCC_WARN_UNDECLARED_SELECTOR = YES;
				GCC_WARN_UNINITIALIZED_AUTOS = YES_AGGRESSIVE;
				GCC_WARN_UNUSED_FUNCTION = YES;
				GCC_WARN_UNUSED_VARIABLE = YES;
				IPHONEOS_DEPLOYMENT_TARGET = 10.2;
				MTL_ENABLE_DEBUG_INFO = NO;
				SDKROOT = iphoneos;
				VALIDATE_PRODUCT = YES;
			};
			name = Release;
		};
		335DBE3D1E455FB00043CB74 /* Debug */ = {
			isa = XCBuildConfiguration;
			buildSettings = {
				ASSETCATALOG_COMPILER_APPICON_NAME = AppIcon;
				INFOPLIST_FILE = "06-专用图层（上）/Info.plist";
				IPHONEOS_DEPLOYMENT_TARGET = 8.0;
				LD_RUNPATH_SEARCH_PATHS = "$(inherited) @executable_path/Frameworks";
				PRODUCT_BUNDLE_IDENTIFIER = "com.taogu.-6--------";
				PRODUCT_NAME = "$(TARGET_NAME)";
			};
			name = Debug;
		};
		335DBE3E1E455FB00043CB74 /* Release */ = {
			isa = XCBuildConfiguration;
			buildSettings = {
				ASSETCATALOG_COMPILER_APPICON_NAME = AppIcon;
				INFOPLIST_FILE = "06-专用图层（上）/Info.plist";
				IPHONEOS_DEPLOYMENT_TARGET = 8.0;
				LD_RUNPATH_SEARCH_PATHS = "$(inherited) @executable_path/Frameworks";
				PRODUCT_BUNDLE_IDENTIFIER = "com.taogu.-6--------";
				PRODUCT_NAME = "$(TARGET_NAME)";
			};
			name = Release;
		};
/* End XCBuildConfiguration section */

/* Begin XCConfigurationList section */
		335DBE201E455FB00043CB74 /* Build configuration list for PBXProject "06-专用图层（上）" */ = {
			isa = XCConfigurationList;
			buildConfigurations = (
				335DBE3A1E455FB00043CB74 /* Debug */,
				335DBE3B1E455FB00043CB74 /* Release */,
			);
			defaultConfigurationIsVisible = 0;
			defaultConfigurationName = Release;
		};
		335DBE3C1E455FB00043CB74 /* Build configuration list for PBXNativeTarget "06-专用图层（上）" */ = {
			isa = XCConfigurationList;
			buildConfigurations = (
				335DBE3D1E455FB00043CB74 /* Debug */,
				335DBE3E1E455FB00043CB74 /* Release */,
			);
			defaultConfigurationIsVisible = 0;
		};
/* End XCConfigurationList section */
	};
	rootObject = 335DBE1D1E455FB00043CB74 /* Project object */;
}
