// !$*UTF8*$!
{
	archiveVersion = 1;
	classes = {
	};
	objectVersion = 46;
	objects = {

/* Begin PBXBuildFile section */
		3318C8541E5FC29200182AFA /* AppDelegate.swift in Sources */ = {isa = PBXBuildFile; fileRef = 3318C8531E5FC29200182AFA /* AppDelegate.swift */; };
		3318C8561E5FC29200182AFA /* ViewController.swift in Sources */ = {isa = PBXBuildFile; fileRef = 3318C8551E5FC29200182AFA /* ViewController.swift */; };
		3318C8591E5FC29200182AFA /* Main.storyboard in Resources */ = {isa = PBXBuildFile; fileRef = 3318C8571E5FC29200182AFA /* Main.storyboard */; };
		3318C85B1E5FC29200182AFA /* Assets.xcassets in Resources */ = {isa = PBXBuildFile; fileRef = 3318C85A1E5FC29200182AFA /* Assets.xcassets */; };
		3318C85E1E5FC29200182AFA /* LaunchScreen.storyboard in Resources */ = {isa = PBXBuildFile; fileRef = 3318C85C1E5FC29200182AFA /* LaunchScreen.storyboard */; };
		3364E9B91E5FCEA4001F8393 /* TransactionViewController.swift in Sources */ = {isa = PBXBuildFile; fileRef = 3364E9B81E5FCEA4001F8393 /* TransactionViewController.swift */; };
		3364E9BB1E600CFC001F8393 /* HitTestViewController.swift in Sources */ = {isa = PBXBuildFile; fileRef = 3364E9BA1E600CFC001F8393 /* HitTestViewController.swift */; };
/* End PBXBuildFile section */

/* Begin PBXFileReference section */
		3318C8501E5FC29200182AFA /* 07-隐式动画.app */ = {isa = PBXFileReference; explicitFileType = wrapper.application; includeInIndex = 0; path = "07-隐式动画.app"; sourceTree = BUILT_PRODUCTS_DIR; };
		3318C8531E5FC29200182AFA /* AppDelegate.swift */ = {isa = PBXFileReference; lastKnownFileType = sourcecode.swift; path = AppDelegate.swift; sourceTree = "<group>"; };
		3318C8551E5FC29200182AFA /* ViewController.swift */ = {isa = PBXFileReference; lastKnownFileType = sourcecode.swift; path = ViewController.swift; sourceTree = "<group>"; };
		3318C8581E5FC29200182AFA /* Base */ = {isa = PBXFileReference; lastKnownFileType = file.storyboard; name = Base; path = Base.lproj/Main.storyboard; sourceTree = "<group>"; };
		3318C85A1E5FC29200182AFA /* Assets.xcassets */ = {isa = PBXFileReference; lastKnownFileType = folder.assetcatalog; path = Assets.xcassets; sourceTree = "<group>"; };
		3318C85D1E5FC29200182AFA /* Base */ = {isa = PBXFileReference; lastKnownFileType = file.storyboard; name = Base; path = Base.lproj/LaunchScreen.storyboard; sourceTree = "<group>"; };
		3318C85F1E5FC29200182AFA /* Info.plist */ = {isa = PBXFileReference; lastKnownFileType = text.plist.xml; path = Info.plist; sourceTree = "<group>"; };
		3364E9B81E5FCEA4001F8393 /* TransactionViewController.swift */ = {isa = PBXFileReference; fileEncoding = 4; lastKnownFileType = sourcecode.swift; path = TransactionViewController.swift; sourceTree = "<group>"; };
		3364E9BA1E600CFC001F8393 /* HitTestViewController.swift */ = {isa = PBXFileReference; fileEncoding = 4; lastKnownFileType = sourcecode.swift; path = HitTestViewController.swift; sourceTree = "<group>"; };
/* End PBXFileReference section */

/* Begin PBXFrameworksBuildPhase section */
		3318C84D1E5FC29200182AFA /* Frameworks */ = {
			isa = PBXFrameworksBuildPhase;
			buildActionMask = 2147483647;
			files = (
			);
			runOnlyForDeploymentPostprocessing = 0;
		};
/* End PBXFrameworksBuildPhase section */

/* Begin PBXGroup section */
		3318C8471E5FC29200182AFA = {
			isa = PBXGroup;
			children = (
				3318C8521E5FC29200182AFA /* 07-隐式动画 */,
				3318C8511E5FC29200182AFA /* Products */,
			);
			sourceTree = "<group>";
		};
		3318C8511E5FC29200182AFA /* Products */ = {
			isa = PBXGroup;
			children = (
				3318C8501E5FC29200182AFA /* 07-隐式动画.app */,
			);
			name = Products;
			sourceTree = "<group>";
		};
		3318C8521E5FC29200182AFA /* 07-隐式动画 */ = {
			isa = PBXGroup;
			children = (
				3318C8531E5FC29200182AFA /* AppDelegate.swift */,
				3318C8551E5FC29200182AFA /* ViewController.swift */,
				3318C8571E5FC29200182AFA /* Main.storyboard */,
				3364E9BA1E600CFC001F8393 /* HitTestViewController.swift */,
				3364E9B81E5FCEA4001F8393 /* TransactionViewController.swift */,
				3318C85A1E5FC29200182AFA /* Assets.xcassets */,
				3318C85C1E5FC29200182AFA /* LaunchScreen.storyboard */,
				3318C85F1E5FC29200182AFA /* Info.plist */,
			);
			path = "07-隐式动画";
			sourceTree = "<group>";
		};
/* End PBXGroup section */

/* Begin PBXNativeTarget section */
		3318C84F1E5FC29200182AFA /* 07-隐式动画 */ = {
			isa = PBXNativeTarget;
			buildConfigurationList = 3318C8621E5FC29200182AFA /* Build configuration list for PBXNativeTarget "07-隐式动画" */;
			buildPhases = (
				3318C84C1E5FC29200182AFA /* Sources */,
				3318C84D1E5FC29200182AFA /* Frameworks */,
				3318C84E1E5FC29200182AFA /* Resources */,
			);
			buildRules = (
			);
			dependencies = (
			);
			name = "07-隐式动画";
			productName = "07-隐式动画";
			productReference = 3318C8501E5FC29200182AFA /* 07-隐式动画.app */;
			productType = "com.apple.product-type.application";
		};
/* End PBXNativeTarget section */

/* Begin PBXProject section */
		3318C8481E5FC29200182AFA /* Project object */ = {
			isa = PBXProject;
			attributes = {
				LastSwiftUpdateCheck = 0730;
				LastUpgradeCheck = 0730;
				ORGANIZATIONNAME = SunYang;
				TargetAttributes = {
					3318C84F1E5FC29200182AFA = {
						CreatedOnToolsVersion = 7.3;
						LastSwiftMigration = 0820;
					};
				};
			};
			buildConfigurationList = 3318C84B1E5FC29200182AFA /* Build configuration list for PBXProject "07-隐式动画" */;
			compatibilityVersion = "Xcode 3.2";
			developmentRegion = English;
			hasScannedForEncodings = 0;
			knownRegions = (
				en,
				Base,
			);
			mainGroup = 3318C8471E5FC29200182AFA;
			productRefGroup = 3318C8511E5FC29200182AFA /* Products */;
			projectDirPath = "";
			projectRoot = "";
			targets = (
				3318C84F1E5FC29200182AFA /* 07-隐式动画 */,
			);
		};
/* End PBXProject section */

/* Begin PBXResourcesBuildPhase section */
		3318C84E1E5FC29200182AFA /* Resources */ = {
			isa = PBXResourcesBuildPhase;
			buildActionMask = 2147483647;
			files = (
				3318C85E1E5FC29200182AFA /* LaunchScreen.storyboard in Resources */,
				3318C85B1E5FC29200182AFA /* Assets.xcassets in Resources */,
				3318C8591E5FC29200182AFA /* Main.storyboard in Resources */,
			);
			runOnlyForDeploymentPostprocessing = 0;
		};
/* End PBXResourcesBuildPhase section */

/* Begin PBXSourcesBuildPhase section */
		3318C84C1E5FC29200182AFA /* Sources */ = {
			isa = PBXSourcesBuildPhase;
			buildActionMask = 2147483647;
			files = (
				3318C8561E5FC29200182AFA /* ViewController.swift in Sources */,
				3364E9B91E5FCEA4001F8393 /* TransactionViewController.swift in Sources */,
				3364E9BB1E600CFC001F8393 /* HitTestViewController.swift in Sources */,
				3318C8541E5FC29200182AFA /* AppDelegate.swift in Sources */,
			);
			runOnlyForDeploymentPostprocessing = 0;
		};
/* End PBXSourcesBuildPhase section */

/* Begin PBXVariantGroup section */
		3318C8571E5FC29200182AFA /* Main.storyboard */ = {
			isa = PBXVariantGroup;
			children = (
				3318C8581E5FC29200182AFA /* Base */,
			);
			name = Main.storyboard;
			sourceTree = "<group>";
		};
		3318C85C1E5FC29200182AFA /* LaunchScreen.storyboard */ = {
			isa = PBXVariantGroup;
			children = (
				3318C85D1E5FC29200182AFA /* Base */,
			);
			name = LaunchScreen.storyboard;
			sourceTree = "<group>";
		};
/* End PBXVariantGroup section */

/* Begin XCBuildConfiguration section */
		3318C8601E5FC29200182AFA /* Debug */ = {
			isa = XCBuildConfiguration;
			buildSettings = {
				ALWAYS_SEARCH_USER_PATHS = NO;
				CLANG_ANALYZER_NONNULL = YES;
				CLANG_CXX_LANGUAGE_STANDARD = "gnu++0x";
				CLANG_CXX_LIBRARY = "libc++";
				CLANG_ENABLE_MODULES = YES;
				CLANG_ENABLE_OBJC_ARC = YES;
				CLANG_WARN_BOOL_CONVERSION = YES;
				CLANG_WARN_CONSTANT_CONVERSION = YES;
				CLANG_WARN_DIRECT_OBJC_ISA_USAGE = YES_ERROR;
				CLANG_WARN_EMPTY_BODY = YES;
				CLANG_WARN_ENUM_CONVERSION = YES;
				CLANG_WARN_INT_CONVERSION = YES;
				CLANG_WARN_OBJC_ROOT_CLASS = YES_ERROR;
				CLANG_WARN_UNREACHABLE_CODE = YES;
				CLANG_WARN__DUPLICATE_METHOD_MATCH = YES;
				"CODE_SIGN_IDENTITY[sdk=iphoneos*]" = "iPhone Developer";
				COPY_PHASE_STRIP = NO;
				DEBUG_INFORMATION_FORMAT = dwarf;
				ENABLE_STRICT_OBJC_MSGSEND = YES;
				ENABLE_TESTABILITY = YES;
				GCC_C_LANGUAGE_STANDARD = gnu99;
				GCC_DYNAMIC_NO_PIC = NO;
				GCC_NO_COMMON_BLOCKS = YES;
				GCC_OPTIMIZATION_LEVEL = 0;
				GCC_PREPROCESSOR_DEFINITIONS = (
					"DEBUG=1",
					"$(inherited)",
				);
				GCC_WARN_64_TO_32_BIT_CONVERSION = YES;
				GCC_WARN_ABOUT_RETURN_TYPE = YES_ERROR;
				GCC_WARN_UNDECLARED_SELECTOR = YES;
				GCC_WARN_UNINITIALIZED_AUTOS = YES_AGGRESSIVE;
				GCC_WARN_UNUSED_FUNCTION = YES;
				GCC_WARN_UNUSED_VARIABLE = YES;
				IPHONEOS_DEPLOYMENT_TARGET = 9.3;
				MTL_ENABLE_DEBUG_INFO = YES;
				ONLY_ACTIVE_ARCH = YES;
				SDKROOT = iphoneos;
				SWIFT_OPTIMIZATION_LEVEL = "-Onone";
			};
			name = Debug;
		};
		3318C8611E5FC29200182AFA /* Release */ = {
			isa = XCBuildConfiguration;
			buildSettings = {
				ALWAYS_SEARCH_USER_PATHS = NO;
				CLANG_ANALYZER_NONNULL = YES;
				CLANG_CXX_LANGUAGE_STANDARD = "gnu++0x";
				CLANG_CXX_LIBRARY = "libc++";
				CLANG_ENABLE_MODULES = YES;
				CLANG_ENABLE_OBJC_ARC = YES;
				CLANG_WARN_BOOL_CONVERSION = YES;
				CLANG_WARN_CONSTANT_CONVERSION = YES;
				CLANG_WARN_DIRECT_OBJC_ISA_USAGE = YES_ERROR;
				CLANG_WARN_EMPTY_BODY = YES;
				CLANG_WARN_ENUM_CONVERSION = YES;
				CLANG_WARN_INT_CONVERSION = YES;
				CLANG_WARN_OBJC_ROOT_CLASS = YES_ERROR;
				CLANG_WARN_UNREACHABLE_CODE = YES;
				CLANG_WARN__DUPLICATE_METHOD_MATCH = YES;
				"CODE_SIGN_IDENTITY[sdk=iphoneos*]" = "iPhone Developer";
				COPY_PHASE_STRIP = NO;
				DEBUG_INFORMATION_FORMAT = "dwarf-with-dsym";
				ENABLE_NS_ASSERTIONS = NO;
				ENABLE_STRICT_OBJC_MSGSEND = YES;
				GCC_C_LANGUAGE_STANDARD = gnu99;
				GCC_NO_COMMON_BLOCKS = YES;
				GCC_WARN_64_TO_32_BIT_CONVERSION = YES;
				GCC_WARN_ABOUT_RETURN_TYPE = YES_ERROR;
				GCC_WARN_UNDECLARED_SELECTOR = YES;
				GCC_WARN_UNINITIALIZED_AUTOS = YES_AGGRESSIVE;
				GCC_WARN_UNUSED_FUNCTION = YES;
				GCC_WARN_UNUSED_VARIABLE = YES;
				IPHONEOS_DEPLOYMENT_TARGET = 9.3;
				MTL_ENABLE_DEBUG_INFO = NO;
				SDKROOT = iphoneos;
				VALIDATE_PRODUCT = YES;
			};
			name = Release;
		};
		3318C8631E5FC29200182AFA /* Debug */ = {
			isa = XCBuildConfiguration;
			buildSettings = {
				ASSETCATALOG_COMPILER_APPICON_NAME = AppIcon;
				INFOPLIST_FILE = "07-隐式动画/Info.plist";
				IPHONEOS_DEPLOYMENT_TARGET = 8.0;
				LD_RUNPATH_SEARCH_PATHS = "$(inherited) @executable_path/Frameworks";
				PRODUCT_BUNDLE_IDENTIFIER = "com.taogu.-7-----";
				PRODUCT_NAME = "$(TARGET_NAME)";
				SWIFT_VERSION = 3.0;
			};
			name = Debug;
		};
		3318C8641E5FC29200182AFA /* Release */ = {
			isa = XCBuildConfiguration;
			buildSettings = {
				ASSETCATALOG_COMPILER_APPICON_NAME = AppIcon;
				INFOPLIST_FILE = "07-隐式动画/Info.plist";
				IPHONEOS_DEPLOYMENT_TARGET = 8.0;
				LD_RUNPATH_SEARCH_PATHS = "$(inherited) @executable_path/Frameworks";
				PRODUCT_BUNDLE_IDENTIFIER = "com.taogu.-7-----";
				PRODUCT_NAME = "$(TARGET_NAME)";
				SWIFT_VERSION = 3.0;
			};
			name = Release;
		};
/* End XCBuildConfiguration section */

/* Begin XCConfigurationList section */
		3318C84B1E5FC29200182AFA /* Build configuration list for PBXProject "07-隐式动画" */ = {
			isa = XCConfigurationList;
			buildConfigurations = (
				3318C8601E5FC29200182AFA /* Debug */,
				3318C8611E5FC29200182AFA /* Release */,
			);
			defaultConfigurationIsVisible = 0;
			defaultConfigurationName = Release;
		};
		3318C8621E5FC29200182AFA /* Build configuration list for PBXNativeTarget "07-隐式动画" */ = {
			isa = XCConfigurationList;
			buildConfigurations = (
				3318C8631E5FC29200182AFA /* Debug */,
				3318C8641E5FC29200182AFA /* Release */,
			);
			defaultConfigurationIsVisible = 0;
			defaultConfigurationName = Release;
		};
/* End XCConfigurationList section */
	};
	rootObject = 3318C8481E5FC29200182AFA /* Project object */;
}
